
Microsoft Visual Studio Solution File, Format Version 12.00
# Visual Studio Version 17
VisualStudioVersion = 17.0.31912.275
MinimumVisualStudioVersion = 10.0.40219.1
Project("{9A19103F-16F7-4668-BE54-9A1E7A4F7556}") = "GenerateurCodes.MVC", "GenerateurCodes.MVC\GenerateurCodes.MVC.csproj", "{834FF11F-2355-4B03-93DE-2E2DE1F771E8}"
EndProject
Global
	GlobalSection(SolutionConfigurationPlatforms) = preSolution
		Debug|Any CPU = Debug|Any CPU
		Release|Any CPU = Release|Any CPU
	EndGlobalSection
	GlobalSection(ProjectConfigurationPlatforms) = postSolution
		{834FF11F-2355-4B03-93DE-2E2DE1F771E8}.Debug|Any CPU.ActiveCfg = Debug|Any CPU
		{834FF11F-2355-4B03-93DE-2E2DE1F771E8}.Debug|Any CPU.Build.0 = Debug|Any CPU
		{834FF11F-2355-4B03-93DE-2E2DE1F771E8}.Release|Any CPU.ActiveCfg = Release|Any CPU
		{834FF11F-2355-4B03-93DE-2E2DE1F771E8}.Release|Any CPU.Build.0 = Release|Any CPU
	EndGlobalSection
	GlobalSection(SolutionProperties) = preSolution
		HideSolutionNode = FALSE
	EndGlobalSection
	GlobalSection(ExtensibilityGlobals) = postSolution
		SolutionGuid = {08EA4B70-9800-4F40-9C39-1A92AF4EFD6B}
	EndGlobalSection
EndGlobal
